<Solution>
  <Folder Name="/src/">
    <Project Path="src/FattoVirtual.Api/FattoVirtual.Api.csproj" />
    <Project Path="src/FattoVirtual.Application/FattoVirtual.Application.csproj" />
    <Project Path="src/FattoVirtual.Domain/FattoVirtual.Domain.csproj" />
    <Project Path="src/FattoVirtual.Infrastructure/FattoVirtual.Infrastructure.csproj" />
  </Folder>
  <Folder Name="/tests/">
    <Project Path="tests/FattoVirtual.Api.Tests/FattoVirtual.Api.Tests.csproj" />
  </Folder>
</Solution>
